%{"abnfc": {:git, "git://github.com/heroku/abnfc.git", "856c77cce8f0dd66bfe95f3ec4041f9f59b742bb", [branch: "master"]},
  "cowboy": {:hex, :cowboy, "1.0.0"},
  "cowlib": {:hex, :cowlib, "1.0.1"},
  "dnssd": {:git, "git://github.com/benoitc/dnssd_erlang.git", "d5862da78b2de281c3d8b537266c134decc65d76", [branch: "master"]},
  "ex_uri": {:git, "git://github.com/heroku/ex_uri.git", "16f26db7026493d2934f615f8884fad42675f00e", [branch: "master"]},
  "ezmq": {:git, "git://github.com/RoadRunnr/ezmq.git", "a77378f0cb716b5293be6f69bdc99ed137a509c4", [branch: "fix-socket-crash"]},
  "gen_listener_tcp": {:git, "https://github.com/travelping/gen_listener_tcp.git", "fb9626d172b09e6448d36f23e6055adf75189bfe", [branch: "master"]},
  "goldrush": {:hex, :goldrush, "0.1.6"},
  "hello": {:git, "git://github.com/travelping/hello.git", "0ac4dde05c1848bf3d1b3feec6dc1475752c3a47", [branch: "hello_v3"]},
  "ibrowse": {:git, "git://github.com/cmullaparthi/ibrowse.git", "04566c70016f5a2a9a8b8ba6e6adf429e399c260", [branch: "master"]},
  "jsx": {:git, "git@github.com:talentdeficit/jsx.git", "56880ce51976693b82c6f56bb877d166d9403d31", [branch: "master"]},
  "lager": {:hex, :lager, "2.1.1"},
  "msgpack": {:git, "git://github.com/msgpack/msgpack-erlang.git", "c666a5f6568ac2e15687bb155442025dbb8b74ff", [branch: "master"]},
  "plug": {:hex, :plug, "0.13.0"},
  "ranch": {:hex, :ranch, "1.0.0"},
  "yang": {:git, "git://github.com/travelping/yang.git", "099b3224ce4d75574bb92a339ced3aa77b7766e0", [branch: "master"]}}
